Microsoft Visual Studio Solution File, Format Version 12.00
# Visual Studio 2012
Project("{FAE04EC0-301F-11D3-BF4B-00C04F79EFBC}") = "Blacksmith Shoppe", "Blacksmith Shoppe.csproj", "{509B08CB-31C0-4FC3-AED0-3A0AF9DCCC7E}"
EndProject
Global
	GlobalSection(SolutionConfigurationPlatforms) = preSolution
	Debug|Any CPU = Debug|Any CPU
	ExportDebug|Any CPU = ExportDebug|Any CPU
	ExportRelease|Any CPU = ExportRelease|Any CPU
	EndGlobalSection
	GlobalSection(ProjectConfigurationPlatforms) = postSolution
		{509B08CB-31C0-4FC3-AED0-3A0AF9DCCC7E}.Debug|Any CPU.ActiveCfg = Debug|Any CPU
		{509B08CB-31C0-4FC3-AED0-3A0AF9DCCC7E}.Debug|Any CPU.Build.0 = Debug|Any CPU
		{509B08CB-31C0-4FC3-AED0-3A0AF9DCCC7E}.ExportDebug|Any CPU.ActiveCfg = ExportDebug|Any CPU
		{509B08CB-31C0-4FC3-AED0-3A0AF9DCCC7E}.ExportDebug|Any CPU.Build.0 = ExportDebug|Any CPU
		{509B08CB-31C0-4FC3-AED0-3A0AF9DCCC7E}.ExportRelease|Any CPU.ActiveCfg = ExportRelease|Any CPU
		{509B08CB-31C0-4FC3-AED0-3A0AF9DCCC7E}.ExportRelease|Any CPU.Build.0 = ExportRelease|Any CPU
	EndGlobalSection
EndGlobal
